lockfileVersion: '6.0'

settings:
  autoInstallPeers: true
  excludeLinksFromLockfile: false

devDependencies:
  pastoralist:
    specifier: latest
    version: 1.11.4

packages:

  /pastoralist@1.11.4:
    resolution: {integrity: sha512-Iygig39a1SyRvwR7PTzV8MHSye1a1YwCipVpXTjBa0L/Xz9t6sxvfGJ63PgMlMn/zRcPj/eAFuqGuP3RcXUXJw==}
    engines: {node: '>=20'}
    hasBin: true
    dev: true
